
Microsoft Visual Studio Solution File, Format Version 12.00
# Visual Studio 2013
VisualStudioVersion = 12.0.21005.1
MinimumVisualStudioVersion = 10.0.40219.1
Project("{FAE04EC0-301F-11D3-BF4B-00C04F79EFBC}") = "ionic", "ionic\ionic.csproj", "{DB1CCA77-A43C-41FE-B7F7-5F20A2DDC651}"
EndProject
Project("{2150E333-8FDC-42A3-9474-1A3956D46DE8}") = ".nuget", ".nuget", "{18913BD0-8D01-4B9F-8A9F-68AFB05D6A07}"
	ProjectSection(SolutionItems) = preProject
		.nuget\NuGet.Config = .nuget\NuGet.Config
		.nuget\NuGet.exe = .nuget\NuGet.exe
		.nuget\NuGet.targets = .nuget\NuGet.targets
	EndProjectSection
EndProject
Global
	GlobalSection(SolutionConfigurationPlatforms) = preSolution
		Debug|Any CPU = Debug|Any CPU
		Release|Any CPU = Release|Any CPU
	EndGlobalSection
	GlobalSection(ProjectConfigurationPlatforms) = postSolution
		{DB1CCA77-A43C-41FE-B7F7-5F20A2DDC651}.Debug|Any CPU.ActiveCfg = Debug|Any CPU
		{DB1CCA77-A43C-41FE-B7F7-5F20A2DDC651}.Debug|Any CPU.Build.0 = Debug|Any CPU
		{DB1CCA77-A43C-41FE-B7F7-5F20A2DDC651}.Release|Any CPU.ActiveCfg = Release|Any CPU
		{DB1CCA77-A43C-41FE-B7F7-5F20A2DDC651}.Release|Any CPU.Build.0 = Release|Any CPU
	EndGlobalSection
	GlobalSection(SolutionProperties) = preSolution
		HideSolutionNode = FALSE
	EndGlobalSection
EndGlobal
